
Microsoft Visual Studio Solution File, Format Version 12.00
# Visual Studio Version 17
VisualStudioVersion = 17.4.33213.308
MinimumVisualStudioVersion = 10.0.40219.1
Project("{FAE04EC0-301F-11D3-BF4B-00C04F79EFBC}") = "ConsolePokemon", "ConsolePokemon\ConsolePokemon.csproj", "{8BB7DC8A-049C-464A-B84D-B98973CB39BA}"
EndProject
Global
	GlobalSection(SolutionConfigurationPlatforms) = preSolution
		Debug|Any CPU = Debug|Any CPU
		Release|Any CPU = Release|Any CPU
	EndGlobalSection
	GlobalSection(ProjectConfigurationPlatforms) = postSolution
		{8BB7DC8A-049C-464A-B84D-B98973CB39BA}.Debug|Any CPU.ActiveCfg = Debug|Any CPU
		{8BB7DC8A-049C-464A-B84D-B98973CB39BA}.Debug|Any CPU.Build.0 = Debug|Any CPU
		{8BB7DC8A-049C-464A-B84D-B98973CB39BA}.Release|Any CPU.ActiveCfg = Release|Any CPU
		{8BB7DC8A-049C-464A-B84D-B98973CB39BA}.Release|Any CPU.Build.0 = Release|Any CPU
	EndGlobalSection
	GlobalSection(SolutionProperties) = preSolution
		HideSolutionNode = FALSE
	EndGlobalSection
	GlobalSection(ExtensibilityGlobals) = postSolution
		SolutionGuid = {B9FFC5B1-CD8F-41AB-A283-429CD484FA78}
	EndGlobalSection
EndGlobal
